
Microsoft Visual Studio Solution File, Format Version 12.00
# Visual Studio Version 16
VisualStudioVersion = 16.0.29806.167
MinimumVisualStudioVersion = 10.0.40219.1
Project("{FAE04EC0-301F-11D3-BF4B-00C04F79EFBC}") = "Polygons", "Polygons.csproj", "{E5141A1E-5937-4881-9884-0AFE4ED90366}"
EndProject
Global
	GlobalSection(SolutionConfigurationPlatforms) = preSolution
		Debug|Any CPU = Debug|Any CPU
		Release|Any CPU = Release|Any CPU
	EndGlobalSection
	GlobalSection(ProjectConfigurationPlatforms) = postSolution
		{E5141A1E-5937-4881-9884-0AFE4ED90366}.Debug|Any CPU.ActiveCfg = Debug|Any CPU
		{E5141A1E-5937-4881-9884-0AFE4ED90366}.Debug|Any CPU.Build.0 = Debug|Any CPU
		{E5141A1E-5937-4881-9884-0AFE4ED90366}.Release|Any CPU.ActiveCfg = Release|Any CPU
		{E5141A1E-5937-4881-9884-0AFE4ED90366}.Release|Any CPU.Build.0 = Release|Any CPU
	EndGlobalSection
	GlobalSection(SolutionProperties) = preSolution
		HideSolutionNode = FALSE
	EndGlobalSection
	GlobalSection(ExtensibilityGlobals) = postSolution
		SolutionGuid = {98D90FE6-942A-40BD-A532-D919926FDE83}
	EndGlobalSection
EndGlobal
